// !$*UTF8*$!
{
	archiveVersion = 1;
	classes = {
	};
	objectVersion = 46;
	objects = {

/* Begin PBXBuildFile section */
		1D4E02E91EF12A28000710C9 /* RemainingTimeTransformer.m in Sources */ = {isa = PBXBuildFile; fileRef = 1D4E02E81EF12A28000710C9 /* RemainingTimeTransformer.m */; };
		1D4E02EC1EF12A84000710C9 /* ZipFileOperation.m in Sources */ = {isa = PBXBuildFile; fileRef = 1D4E02EB1EF12A84000710C9 /* ZipFileOperation.m */; };
		1D4E02F01EF12B9B000710C9 /* ProgressWindowController.m in Sources */ = {isa = PBXBuildFile; fileRef = 1D4E02EE1EF12B9B000710C9 /* ProgressWindowController.m */; };
		1D4E02F11EF12B9B000710C9 /* ProgressWindowController.xib in Resources */ = {isa = PBXBuildFile; fileRef = 1D4E02EF1EF12B9B000710C9 /* ProgressWindowController.xib */; };
		1D617A161EE9496300AADA3B /* AppDelegate.m in Sources */ = {isa = PBXBuildFile; fileRef = 1D617A151EE9496300AADA3B /* AppDelegate.m */; };
		1D617A191EE9496400AADA3B /* main.m in Sources */ = {isa = PBXBuildFile; fileRef = 1D617A181EE9496400AADA3B /* main.m */; };
		1D617A1C1EE9496400AADA3B /* ViewController.m in Sources */ = {isa = PBXBuildFile; fileRef = 1D617A1B1EE9496400AADA3B /* ViewController.m */; };
		1D617A1E1EE9496400AADA3B /* Assets.xcassets in Resources */ = {isa = PBXBuildFile; fileRef = 1D617A1D1EE9496400AADA3B /* Assets.xcassets */; };
		1D617A211EE9496400AADA3B /* Main.storyboard in Resources */ = {isa = PBXBuildFile; fileRef = 1D617A1F1EE9496400AADA3B /* Main.storyboard */; };
		1D617A2A1EEE2BCC00AADA3B /* FileSystemNode.m in Sources */ = {isa = PBXBuildFile; fileRef = 1D617A291EEE2BCC00AADA3B /* FileSystemNode.m */; };
		1D617A2D1EEE2BE900AADA3B /* FileSystemBrowserCell.m in Sources */ = {isa = PBXBuildFile; fileRef = 1D617A2C1EEE2BE900AADA3B /* FileSystemBrowserCell.m */; };
		1D617A301EEE7E3F00AADA3B /* WindowController.m in Sources */ = {isa = PBXBuildFile; fileRef = 1D617A2F1EEE7E3F00AADA3B /* WindowController.m */; };
		1D617A341EEF7C2400AADA3B /* Toolbar.m in Sources */ = {isa = PBXBuildFile; fileRef = 1D617A331EEF7C2400AADA3B /* Toolbar.m */; };
		1D617A391EEF807200AADA3B /* ToolbarItem.m in Sources */ = {isa = PBXBuildFile; fileRef = 1D617A381EEF807200AADA3B /* ToolbarItem.m */; };
		1D617A3D1EEF824200AADA3B /* MOView.m in Sources */ = {isa = PBXBuildFile; fileRef = 1D617A3C1EEF824200AADA3B /* MOView.m */; };
		841CD90F5CE5032AF7751828 /* libPods-BundleRoot.a in Frameworks */ = {isa = PBXBuildFile; fileRef = 9213AA7054BE841CCF310329 /* libPods-BundleRoot.a */; };
/* End PBXBuildFile section */

/* Begin PBXFileReference section */
		1D4E02DE1EF12484000710C9 /* UniversalDetector.framework */ = {isa = PBXFileReference; lastKnownFileType = wrapper.framework; name = UniversalDetector.framework; path = DerivedData/BundleRoot/Build/Products/Debug/UniversalDetector.framework; sourceTree = "<group>"; };
		1D4E02E71EF12A28000710C9 /* RemainingTimeTransformer.h */ = {isa = PBXFileReference; fileEncoding = 4; lastKnownFileType = sourcecode.c.h; path = RemainingTimeTransformer.h; sourceTree = "<group>"; };
		1D4E02E81EF12A28000710C9 /* RemainingTimeTransformer.m */ = {isa = PBXFileReference; fileEncoding = 4; lastKnownFileType = sourcecode.c.objc; path = RemainingTimeTransformer.m; sourceTree = "<group>"; };
		1D4E02EA1EF12A84000710C9 /* ZipFileOperation.h */ = {isa = PBXFileReference; fileEncoding = 4; lastKnownFileType = sourcecode.c.h; path = ZipFileOperation.h; sourceTree = "<group>"; };
		1D4E02EB1EF12A84000710C9 /* ZipFileOperation.m */ = {isa = PBXFileReference; fileEncoding = 4; lastKnownFileType = sourcecode.c.objc; path = ZipFileOperation.m; sourceTree = "<group>"; };
		1D4E02ED1EF12B9B000710C9 /* ProgressWindowController.h */ = {isa = PBXFileReference; fileEncoding = 4; lastKnownFileType = sourcecode.c.h; path = ProgressWindowController.h; sourceTree = "<group>"; };
		1D4E02EE1EF12B9B000710C9 /* ProgressWindowController.m */ = {isa = PBXFileReference; fileEncoding = 4; lastKnownFileType = sourcecode.c.objc; path = ProgressWindowController.m; sourceTree = "<group>"; };
		1D4E02EF1EF12B9B000710C9 /* ProgressWindowController.xib */ = {isa = PBXFileReference; fileEncoding = 4; lastKnownFileType = file.xib; path = ProgressWindowController.xib; sourceTree = "<group>"; };
		1D617A111EE9496300AADA3B /* BundleRoot.app */ = {isa = PBXFileReference; explicitFileType = wrapper.application; includeInIndex = 0; path = BundleRoot.app; sourceTree = BUILT_PRODUCTS_DIR; };
		1D617A141EE9496300AADA3B /* AppDelegate.h */ = {isa = PBXFileReference; lastKnownFileType = sourcecode.c.h; path = AppDelegate.h; sourceTree = "<group>"; };
		1D617A151EE9496300AADA3B /* AppDelegate.m */ = {isa = PBXFileReference; lastKnownFileType = sourcecode.c.objc; path = AppDelegate.m; sourceTree = "<group>"; };
		1D617A181EE9496400AADA3B /* main.m */ = {isa = PBXFileReference; lastKnownFileType = sourcecode.c.objc; path = main.m; sourceTree = "<group>"; };
		1D617A1A1EE9496400AADA3B /* ViewController.h */ = {isa = PBXFileReference; lastKnownFileType = sourcecode.c.h; path = ViewController.h; sourceTree = "<group>"; };
		1D617A1B1EE9496400AADA3B /* ViewController.m */ = {isa = PBXFileReference; lastKnownFileType = sourcecode.c.objc; path = ViewController.m; sourceTree = "<group>"; };
		1D617A1D1EE9496400AADA3B /* Assets.xcassets */ = {isa = PBXFileReference; lastKnownFileType = folder.assetcatalog; path = Assets.xcassets; sourceTree = "<group>"; };
		1D617A201EE9496400AADA3B /* Base */ = {isa = PBXFileReference; lastKnownFileType = file.storyboard; name = Base; path = Base.lproj/Main.storyboard; sourceTree = "<group>"; };
		1D617A221EE9496400AADA3B /* Info.plist */ = {isa = PBXFileReference; lastKnownFileType = text.plist.xml; path = Info.plist; sourceTree = "<group>"; };
		1D617A281EEE2BCC00AADA3B /* FileSystemNode.h */ = {isa = PBXFileReference; fileEncoding = 4; lastKnownFileType = sourcecode.c.h; path = FileSystemNode.h; sourceTree = "<group>"; };
		1D617A291EEE2BCC00AADA3B /* FileSystemNode.m */ = {isa = PBXFileReference; fileEncoding = 4; lastKnownFileType = sourcecode.c.objc; path = FileSystemNode.m; sourceTree = "<group>"; };
		1D617A2B1EEE2BE900AADA3B /* FileSystemBrowserCell.h */ = {isa = PBXFileReference; fileEncoding = 4; lastKnownFileType = sourcecode.c.h; path = FileSystemBrowserCell.h; sourceTree = "<group>"; };
		1D617A2C1EEE2BE900AADA3B /* FileSystemBrowserCell.m */ = {isa = PBXFileReference; fileEncoding = 4; lastKnownFileType = sourcecode.c.objc; path = FileSystemBrowserCell.m; sourceTree = "<group>"; };
		1D617A2E1EEE7E3F00AADA3B /* WindowController.h */ = {isa = PBXFileReference; fileEncoding = 4; lastKnownFileType = sourcecode.c.h; path = WindowController.h; sourceTree = "<group>"; };
		1D617A2F1EEE7E3F00AADA3B /* WindowController.m */ = {isa = PBXFileReference; fileEncoding = 4; lastKnownFileType = sourcecode.c.objc; path = WindowController.m; sourceTree = "<group>"; };
		1D617A321EEF7C2400AADA3B /* Toolbar.h */ = {isa = PBXFileReference; fileEncoding = 4; lastKnownFileType = sourcecode.c.h; path = Toolbar.h; sourceTree = "<group>"; };
		1D617A331EEF7C2400AADA3B /* Toolbar.m */ = {isa = PBXFileReference; fileEncoding = 4; lastKnownFileType = sourcecode.c.objc; path = Toolbar.m; sourceTree = "<group>"; };
		1D617A371EEF807200AADA3B /* ToolbarItem.h */ = {isa = PBXFileReference; fileEncoding = 4; lastKnownFileType = sourcecode.c.h; path = ToolbarItem.h; sourceTree = "<group>"; };
		1D617A381EEF807200AADA3B /* ToolbarItem.m */ = {isa = PBXFileReference; fileEncoding = 4; lastKnownFileType = sourcecode.c.objc; path = ToolbarItem.m; sourceTree = "<group>"; };
		1D617A3B1EEF824200AADA3B /* MOView.h */ = {isa = PBXFileReference; fileEncoding = 4; lastKnownFileType = sourcecode.c.h; path = MOView.h; sourceTree = "<group>"; };
		1D617A3C1EEF824200AADA3B /* MOView.m */ = {isa = PBXFileReference; fileEncoding = 4; lastKnownFileType = sourcecode.c.objc; path = MOView.m; sourceTree = "<group>"; };
		1D617A3F1EEFBE9900AADA3B /* BRNotification.h */ = {isa = PBXFileReference; fileEncoding = 4; lastKnownFileType = sourcecode.c.h; path = BRNotification.h; sourceTree = "<group>"; };
		1D617A401EEFE4A500AADA3B /* BundleRoot.entitlements */ = {isa = PBXFileReference; lastKnownFileType = text.plist.entitlements; path = BundleRoot.entitlements; sourceTree = "<group>"; };
		556AEDB6F38E5E12F785B254 /* Pods-BundleRoot.debug.xcconfig */ = {isa = PBXFileReference; includeInIndex = 1; lastKnownFileType = text.xcconfig; name = "Pods-BundleRoot.debug.xcconfig"; path = "Pods/Target Support Files/Pods-BundleRoot/Pods-BundleRoot.debug.xcconfig"; sourceTree = "<group>"; };
		8C41B93AE3E8F694E4E37B26 /* Pods-BundleRoot.release.xcconfig */ = {isa = PBXFileReference; includeInIndex = 1; lastKnownFileType = text.xcconfig; name = "Pods-BundleRoot.release.xcconfig"; path = "Pods/Target Support Files/Pods-BundleRoot/Pods-BundleRoot.release.xcconfig"; sourceTree = "<group>"; };
		9213AA7054BE841CCF310329 /* libPods-BundleRoot.a */ = {isa = PBXFileReference; explicitFileType = archive.ar; includeInIndex = 0; path = "libPods-BundleRoot.a"; sourceTree = BUILT_PRODUCTS_DIR; };
/* End PBXFileReference section */

/* Begin PBXFrameworksBuildPhase section */
		1D617A0E1EE9496300AADA3B /* Frameworks */ = {
			isa = PBXFrameworksBuildPhase;
			buildActionMask = 2147483647;
			files = (
				841CD90F5CE5032AF7751828 /* libPods-BundleRoot.a in Frameworks */,
			);
			runOnlyForDeploymentPostprocessing = 0;
		};
/* End PBXFrameworksBuildPhase section */

/* Begin PBXGroup section */
		1D4E02C51EF12314000710C9 /* Frameworks */ = {
			isa = PBXGroup;
			children = (
				1D4E02DE1EF12484000710C9 /* UniversalDetector.framework */,
				9213AA7054BE841CCF310329 /* libPods-BundleRoot.a */,
			);
			name = Frameworks;
			sourceTree = "<group>";
		};
		1D617A081EE9496300AADA3B = {
			isa = PBXGroup;
			children = (
				1D617A131EE9496300AADA3B /* BundleRoot */,
				1D4E02C51EF12314000710C9 /* Frameworks */,
				1D617A121EE9496300AADA3B /* Products */,
				7E87A35B279191F9BF4C810D /* Pods */,
			);
			sourceTree = "<group>";
		};
		1D617A121EE9496300AADA3B /* Products */ = {
			isa = PBXGroup;
			children = (
				1D617A111EE9496300AADA3B /* BundleRoot.app */,
			);
			name = Products;
			sourceTree = "<group>";
		};
		1D617A131EE9496300AADA3B /* BundleRoot */ = {
			isa = PBXGroup;
			children = (
				1D617A401EEFE4A500AADA3B /* BundleRoot.entitlements */,
				1D617A3F1EEFBE9900AADA3B /* BRNotification.h */,
				1D617A141EE9496300AADA3B /* AppDelegate.h */,
				1D617A151EE9496300AADA3B /* AppDelegate.m */,
				1D617A1F1EE9496400AADA3B /* Main.storyboard */,
				1D617A351EEF7C3200AADA3B /* View */,
				1D617A361EEF7C3E00AADA3B /* Node */,
				1D617A3E1EEF824700AADA3B /* Third */,
				1D617A1D1EE9496400AADA3B /* Assets.xcassets */,
				1D617A221EE9496400AADA3B /* Info.plist */,
				1D617A171EE9496400AADA3B /* Supporting Files */,
			);
			path = BundleRoot;
			sourceTree = "<group>";
		};
		1D617A171EE9496400AADA3B /* Supporting Files */ = {
			isa = PBXGroup;
			children = (
				1D617A181EE9496400AADA3B /* main.m */,
			);
			name = "Supporting Files";
			sourceTree = "<group>";
		};
		1D617A351EEF7C3200AADA3B /* View */ = {
			isa = PBXGroup;
			children = (
				1D617A2E1EEE7E3F00AADA3B /* WindowController.h */,
				1D617A2F1EEE7E3F00AADA3B /* WindowController.m */,
				1D617A321EEF7C2400AADA3B /* Toolbar.h */,
				1D617A331EEF7C2400AADA3B /* Toolbar.m */,
				1D617A371EEF807200AADA3B /* ToolbarItem.h */,
				1D617A381EEF807200AADA3B /* ToolbarItem.m */,
				1D617A1A1EE9496400AADA3B /* ViewController.h */,
				1D617A1B1EE9496400AADA3B /* ViewController.m */,
				1D4E02ED1EF12B9B000710C9 /* ProgressWindowController.h */,
				1D4E02EE1EF12B9B000710C9 /* ProgressWindowController.m */,
				1D4E02EF1EF12B9B000710C9 /* ProgressWindowController.xib */,
			);
			name = View;
			sourceTree = "<group>";
		};
		1D617A361EEF7C3E00AADA3B /* Node */ = {
			isa = PBXGroup;
			children = (
				1D617A281EEE2BCC00AADA3B /* FileSystemNode.h */,
				1D617A291EEE2BCC00AADA3B /* FileSystemNode.m */,
				1D617A2B1EEE2BE900AADA3B /* FileSystemBrowserCell.h */,
				1D617A2C1EEE2BE900AADA3B /* FileSystemBrowserCell.m */,
			);
			name = Node;
			sourceTree = "<group>";
		};
		1D617A3E1EEF824700AADA3B /* Third */ = {
			isa = PBXGroup;
			children = (
				1D617A3B1EEF824200AADA3B /* MOView.h */,
				1D617A3C1EEF824200AADA3B /* MOView.m */,
				1D4E02E71EF12A28000710C9 /* RemainingTimeTransformer.h */,
				1D4E02E81EF12A28000710C9 /* RemainingTimeTransformer.m */,
				1D4E02EA1EF12A84000710C9 /* ZipFileOperation.h */,
				1D4E02EB1EF12A84000710C9 /* ZipFileOperation.m */,
			);
			name = Third;
			sourceTree = "<group>";
		};
		7E87A35B279191F9BF4C810D /* Pods */ = {
			isa = PBXGroup;
			children = (
				556AEDB6F38E5E12F785B254 /* Pods-BundleRoot.debug.xcconfig */,
				8C41B93AE3E8F694E4E37B26 /* Pods-BundleRoot.release.xcconfig */,
			);
			name = Pods;
			sourceTree = "<group>";
		};
/* End PBXGroup section */

/* Begin PBXNativeTarget section */
		1D617A101EE9496300AADA3B /* BundleRoot */ = {
			isa = PBXNativeTarget;
			buildConfigurationList = 1D617A251EE9496400AADA3B /* Build configuration list for PBXNativeTarget "BundleRoot" */;
			buildPhases = (
				1DEEEF5273B27FDE6D65030A /* [CP] Check Pods Manifest.lock */,
				1D617A0D1EE9496300AADA3B /* Sources */,
				1D617A0E1EE9496300AADA3B /* Frameworks */,
				1D617A0F1EE9496300AADA3B /* Resources */,
				E4B12A483D5039134A019C75 /* [CP] Embed Pods Frameworks */,
				D8774166013D6CF4881D86FC /* [CP] Copy Pods Resources */,
			);
			buildRules = (
			);
			dependencies = (
			);
			name = BundleRoot;
			productName = BundleRoot;
			productReference = 1D617A111EE9496300AADA3B /* BundleRoot.app */;
			productType = "com.apple.product-type.application";
		};
/* End PBXNativeTarget section */

/* Begin PBXProject section */
		1D617A091EE9496300AADA3B /* Project object */ = {
			isa = PBXProject;
			attributes = {
				LastUpgradeCheck = 0830;
				ORGANIZATIONNAME = itsme;
				TargetAttributes = {
					1D617A101EE9496300AADA3B = {
						CreatedOnToolsVersion = 8.3.2;
						ProvisioningStyle = Automatic;
						SystemCapabilities = {
							com.apple.Sandbox = {
								enabled = 0;
							};
						};
					};
				};
			};
			buildConfigurationList = 1D617A0C1EE9496300AADA3B /* Build configuration list for PBXProject "BundleRoot" */;
			compatibilityVersion = "Xcode 3.2";
			developmentRegion = English;
			hasScannedForEncodings = 0;
			knownRegions = (
				en,
				Base,
			);
			mainGroup = 1D617A081EE9496300AADA3B;
			productRefGroup = 1D617A121EE9496300AADA3B /* Products */;
			projectDirPath = "";
			projectRoot = "";
			targets = (
				1D617A101EE9496300AADA3B /* BundleRoot */,
			);
		};
/* End PBXProject section */

/* Begin PBXResourcesBuildPhase section */
		1D617A0F1EE9496300AADA3B /* Resources */ = {
			isa = PBXResourcesBuildPhase;
			buildActionMask = 2147483647;
			files = (
				1D617A1E1EE9496400AADA3B /* Assets.xcassets in Resources */,
				1D617A211EE9496400AADA3B /* Main.storyboard in Resources */,
				1D4E02F11EF12B9B000710C9 /* ProgressWindowController.xib in Resources */,
			);
			runOnlyForDeploymentPostprocessing = 0;
		};
/* End PBXResourcesBuildPhase section */

/* Begin PBXShellScriptBuildPhase section */
		1DEEEF5273B27FDE6D65030A /* [CP] Check Pods Manifest.lock */ = {
			isa = PBXShellScriptBuildPhase;
			buildActionMask = 2147483647;
			files = (
			);
			inputPaths = (
			);
			name = "[CP] Check Pods Manifest.lock";
			outputPaths = (
			);
			runOnlyForDeploymentPostprocessing = 0;
			shellPath = /bin/sh;
			shellScript = "diff \"${PODS_PODFILE_DIR_PATH}/Podfile.lock\" \"${PODS_ROOT}/Manifest.lock\" > /dev/null\nif [ $? != 0 ] ; then\n    # print error to STDERR\n    echo \"error: The sandbox is not in sync with the Podfile.lock. Run 'pod install' or update your CocoaPods installation.\" >&2\n    exit 1\nfi\n";
			showEnvVarsInLog = 0;
		};
		D8774166013D6CF4881D86FC /* [CP] Copy Pods Resources */ = {
			isa = PBXShellScriptBuildPhase;
			buildActionMask = 2147483647;
			files = (
			);
			inputPaths = (
			);
			name = "[CP] Copy Pods Resources";
			outputPaths = (
			);
			runOnlyForDeploymentPostprocessing = 0;
			shellPath = /bin/sh;
			shellScript = "\"${SRCROOT}/Pods/Target Support Files/Pods-BundleRoot/Pods-BundleRoot-resources.sh\"\n";
			showEnvVarsInLog = 0;
		};
		E4B12A483D5039134A019C75 /* [CP] Embed Pods Frameworks */ = {
			isa = PBXShellScriptBuildPhase;
			buildActionMask = 2147483647;
			files = (
			);
			inputPaths = (
			);
			name = "[CP] Embed Pods Frameworks";
			outputPaths = (
			);
			runOnlyForDeploymentPostprocessing = 0;
			shellPath = /bin/sh;
			shellScript = "\"${SRCROOT}/Pods/Target Support Files/Pods-BundleRoot/Pods-BundleRoot-frameworks.sh\"\n";
			showEnvVarsInLog = 0;
		};
/* End PBXShellScriptBuildPhase section */

/* Begin PBXSourcesBuildPhase section */
		1D617A0D1EE9496300AADA3B /* Sources */ = {
			isa = PBXSourcesBuildPhase;
			buildActionMask = 2147483647;
			files = (
				1D617A1C1EE9496400AADA3B /* ViewController.m in Sources */,
				1D4E02EC1EF12A84000710C9 /* ZipFileOperation.m in Sources */,
				1D4E02F01EF12B9B000710C9 /* ProgressWindowController.m in Sources */,
				1D617A301EEE7E3F00AADA3B /* WindowController.m in Sources */,
				1D617A3D1EEF824200AADA3B /* MOView.m in Sources */,
				1D617A391EEF807200AADA3B /* ToolbarItem.m in Sources */,
				1D617A191EE9496400AADA3B /* main.m in Sources */,
				1D617A2D1EEE2BE900AADA3B /* FileSystemBrowserCell.m in Sources */,
				1D617A2A1EEE2BCC00AADA3B /* FileSystemNode.m in Sources */,
				1D4E02E91EF12A28000710C9 /* RemainingTimeTransformer.m in Sources */,
				1D617A161EE9496300AADA3B /* AppDelegate.m in Sources */,
				1D617A341EEF7C2400AADA3B /* Toolbar.m in Sources */,
			);
			runOnlyForDeploymentPostprocessing = 0;
		};
/* End PBXSourcesBuildPhase section */

/* Begin PBXVariantGroup section */
		1D617A1F1EE9496400AADA3B /* Main.storyboard */ = {
			isa = PBXVariantGroup;
			children = (
				1D617A201EE9496400AADA3B /* Base */,
			);
			name = Main.storyboard;
			sourceTree = "<group>";
		};
/* End PBXVariantGroup section */

/* Begin XCBuildConfiguration section */
		1D617A231EE9496400AADA3B /* Debug */ = {
			isa = XCBuildConfiguration;
			buildSettings = {
				ALWAYS_SEARCH_USER_PATHS = NO;
				CLANG_ANALYZER_NONNULL = YES;
				CLANG_ANALYZER_NUMBER_OBJECT_CONVERSION = YES_AGGRESSIVE;
				CLANG_CXX_LANGUAGE_STANDARD = "gnu++0x";
				CLANG_CXX_LIBRARY = "libc++";
				CLANG_ENABLE_MODULES = YES;
				CLANG_ENABLE_OBJC_ARC = YES;
				CLANG_WARN_BOOL_CONVERSION = YES;
				CLANG_WARN_CONSTANT_CONVERSION = YES;
				CLANG_WARN_DIRECT_OBJC_ISA_USAGE = YES_ERROR;
				CLANG_WARN_DOCUMENTATION_COMMENTS = YES;
				CLANG_WARN_EMPTY_BODY = YES;
				CLANG_WARN_ENUM_CONVERSION = YES;
				CLANG_WARN_INFINITE_RECURSION = YES;
				CLANG_WARN_INT_CONVERSION = YES;
				CLANG_WARN_OBJC_ROOT_CLASS = YES_ERROR;
				CLANG_WARN_SUSPICIOUS_MOVE = YES;
				CLANG_WARN_UNREACHABLE_CODE = YES;
				CLANG_WARN__DUPLICATE_METHOD_MATCH = YES;
				CODE_SIGN_IDENTITY = "-";
				COPY_PHASE_STRIP = NO;
				DEBUG_INFORMATION_FORMAT = dwarf;
				ENABLE_STRICT_OBJC_MSGSEND = YES;
				ENABLE_TESTABILITY = YES;
				GCC_C_LANGUAGE_STANDARD = gnu99;
				GCC_DYNAMIC_NO_PIC = NO;
				GCC_NO_COMMON_BLOCKS = YES;
				GCC_OPTIMIZATION_LEVEL = 0;
				GCC_PREPROCESSOR_DEFINITIONS = (
					"DEBUG=1",
					"$(inherited)",
				);
				GCC_WARN_64_TO_32_BIT_CONVERSION = YES;
				GCC_WARN_ABOUT_RETURN_TYPE = YES_ERROR;
				GCC_WARN_UNDECLARED_SELECTOR = YES;
				GCC_WARN_UNINITIALIZED_AUTOS = YES_AGGRESSIVE;
				GCC_WARN_UNUSED_FUNCTION = YES;
				GCC_WARN_UNUSED_VARIABLE = YES;
				MACOSX_DEPLOYMENT_TARGET = 10.10;
				MTL_ENABLE_DEBUG_INFO = YES;
				ONLY_ACTIVE_ARCH = YES;
				SDKROOT = macosx;
			};
			name = Debug;
		};
		1D617A241EE9496400AADA3B /* Release */ = {
			isa = XCBuildConfiguration;
			buildSettings = {
				ALWAYS_SEARCH_USER_PATHS = NO;
				CLANG_ANALYZER_NONNULL = YES;
				CLANG_ANALYZER_NUMBER_OBJECT_CONVERSION = YES_AGGRESSIVE;
				CLANG_CXX_LANGUAGE_STANDARD = "gnu++0x";
				CLANG_CXX_LIBRARY = "libc++";
				CLANG_ENABLE_MODULES = YES;
				CLANG_ENABLE_OBJC_ARC = YES;
				CLANG_WARN_BOOL_CONVERSION = YES;
				CLANG_WARN_CONSTANT_CONVERSION = YES;
				CLANG_WARN_DIRECT_OBJC_ISA_USAGE = YES_ERROR;
				CLANG_WARN_DOCUMENTATION_COMMENTS = YES;
				CLANG_WARN_EMPTY_BODY = YES;
				CLANG_WARN_ENUM_CONVERSION = YES;
				CLANG_WARN_INFINITE_RECURSION = YES;
				CLANG_WARN_INT_CONVERSION = YES;
				CLANG_WARN_OBJC_ROOT_CLASS = YES_ERROR;
				CLANG_WARN_SUSPICIOUS_MOVE = YES;
				CLANG_WARN_UNREACHABLE_CODE = YES;
				CLANG_WARN__DUPLICATE_METHOD_MATCH = YES;
				CODE_SIGN_IDENTITY = "-";
				COPY_PHASE_STRIP = NO;
				DEBUG_INFORMATION_FORMAT = "dwarf-with-dsym";
				ENABLE_NS_ASSERTIONS = NO;
				ENABLE_STRICT_OBJC_MSGSEND = YES;
				GCC_C_LANGUAGE_STANDARD = gnu99;
				GCC_NO_COMMON_BLOCKS = YES;
				GCC_WARN_64_TO_32_BIT_CONVERSION = YES;
				GCC_WARN_ABOUT_RETURN_TYPE = YES_ERROR;
				GCC_WARN_UNDECLARED_SELECTOR = YES;
				GCC_WARN_UNINITIALIZED_AUTOS = YES_AGGRESSIVE;
				GCC_WARN_UNUSED_FUNCTION = YES;
				GCC_WARN_UNUSED_VARIABLE = YES;
				MACOSX_DEPLOYMENT_TARGET = 10.10;
				MTL_ENABLE_DEBUG_INFO = NO;
				SDKROOT = macosx;
			};
			name = Release;
		};
		1D617A261EE9496400AADA3B /* Debug */ = {
			isa = XCBuildConfiguration;
			baseConfigurationReference = 556AEDB6F38E5E12F785B254 /* Pods-BundleRoot.debug.xcconfig */;
			buildSettings = {
				ASSETCATALOG_COMPILER_APPICON_NAME = AppIcon;
				CODE_SIGN_ENTITLEMENTS = BundleRoot/BundleRoot.entitlements;
				COMBINE_HIDPI_IMAGES = YES;
				FRAMEWORK_SEARCH_PATHS = (
					"$(inherited)",
					"$(PROJECT_DIR)/UniversalDetector/build/Debug",
					"$(PROJECT_DIR)/DerivedData/BundleRoot/Build/Products/Debug",
				);
				INFOPLIST_FILE = BundleRoot/Info.plist;
				LD_RUNPATH_SEARCH_PATHS = "$(inherited) @executable_path/../Frameworks";
				MACOSX_DEPLOYMENT_TARGET = 10.10;
				PRODUCT_BUNDLE_IDENTIFIER = com.itsme.BundleRoot;
				PRODUCT_NAME = "$(TARGET_NAME)";
			};
			name = Debug;
		};
		1D617A271EE9496400AADA3B /* Release */ = {
			isa = XCBuildConfiguration;
			baseConfigurationReference = 8C41B93AE3E8F694E4E37B26 /* Pods-BundleRoot.release.xcconfig */;
			buildSettings = {
				ASSETCATALOG_COMPILER_APPICON_NAME = AppIcon;
				CODE_SIGN_ENTITLEMENTS = BundleRoot/BundleRoot.entitlements;
				COMBINE_HIDPI_IMAGES = YES;
				FRAMEWORK_SEARCH_PATHS = (
					"$(inherited)",
					"$(PROJECT_DIR)/UniversalDetector/build/Debug",
					"$(PROJECT_DIR)/DerivedData/BundleRoot/Build/Products/Debug",
				);
				INFOPLIST_FILE = BundleRoot/Info.plist;
				LD_RUNPATH_SEARCH_PATHS = "$(inherited) @executable_path/../Frameworks";
				MACOSX_DEPLOYMENT_TARGET = 10.10;
				PRODUCT_BUNDLE_IDENTIFIER = com.itsme.BundleRoot;
				PRODUCT_NAME = "$(TARGET_NAME)";
			};
			name = Release;
		};
/* End XCBuildConfiguration section */

/* Begin XCConfigurationList section */
		1D617A0C1EE9496300AADA3B /* Build configuration list for PBXProject "BundleRoot" */ = {
			isa = XCConfigurationList;
			buildConfigurations = (
				1D617A231EE9496400AADA3B /* Debug */,
				1D617A241EE9496400AADA3B /* Release */,
			);
			defaultConfigurationIsVisible = 0;
			defaultConfigurationName = Release;
		};
		1D617A251EE9496400AADA3B /* Build configuration list for PBXNativeTarget "BundleRoot" */ = {
			isa = XCConfigurationList;
			buildConfigurations = (
				1D617A261EE9496400AADA3B /* Debug */,
				1D617A271EE9496400AADA3B /* Release */,
			);
			defaultConfigurationIsVisible = 0;
			defaultConfigurationName = Release;
		};
/* End XCConfigurationList section */
	};
	rootObject = 1D617A091EE9496300AADA3B /* Project object */;
}
